
Microsoft Visual Studio Solution File, Format Version 12.00
# Visual Studio Version 17
Project("{8BC9CEB8-8B4A-11D0-8D11-00A0C91BC942}") = "ALL_BUILD", "ALL_BUILD.vcxproj", "{0651EB35-EEA8-3E9E-8739-C342A47A4F4C}"
	ProjectSection(ProjectDependencies) = postProject
		{D9302DEF-2715-3A4D-983B-8A5F2B744C39} = {D9302DEF-2715-3A4D-983B-8A5F2B744C39}
		{213049D1-1E04-3489-B67F-C12CFB6E2939} = {213049D1-1E04-3489-B67F-C12CFB6E2939}
	EndProjectSection
EndProject
Project("{8BC9CEB8-8B4A-11D0-8D11-00A0C91BC942}") = "INSTALL", "INSTALL.vcxproj", "{715E0FBB-452A-3936-86C7-016323878463}"
	ProjectSection(ProjectDependencies) = postProject
		{0651EB35-EEA8-3E9E-8739-C342A47A4F4C} = {0651EB35-EEA8-3E9E-8739-C342A47A4F4C}
		{D9302DEF-2715-3A4D-983B-8A5F2B744C39} = {D9302DEF-2715-3A4D-983B-8A5F2B744C39}
	EndProjectSection
EndProject
Project("{8BC9CEB8-8B4A-11D0-8D11-00A0C91BC942}") = "ZERO_CHECK", "ZERO_CHECK.vcxproj", "{D9302DEF-2715-3A4D-983B-8A5F2B744C39}"
	ProjectSection(ProjectDependencies) = postProject
	EndProjectSection
EndProject
Project("{8BC9CEB8-8B4A-11D0-8D11-00A0C91BC942}") = "asio_example", "src\asio_example.vcxproj", "{213049D1-1E04-3489-B67F-C12CFB6E2939}"
	ProjectSection(ProjectDependencies) = postProject
		{D9302DEF-2715-3A4D-983B-8A5F2B744C39} = {D9302DEF-2715-3A4D-983B-8A5F2B744C39}
	EndProjectSection
EndProject
Global
	GlobalSection(SolutionConfigurationPlatforms) = preSolution
		Debug|x64 = Debug|x64
		Release|x64 = Release|x64
		MinSizeRel|x64 = MinSizeRel|x64
		RelWithDebInfo|x64 = RelWithDebInfo|x64
	EndGlobalSection
	GlobalSection(ProjectConfigurationPlatforms) = postSolution
		{0651EB35-EEA8-3E9E-8739-C342A47A4F4C}.Debug|x64.ActiveCfg = Debug|x64
		{0651EB35-EEA8-3E9E-8739-C342A47A4F4C}.Debug|x64.Build.0 = Debug|x64
		{0651EB35-EEA8-3E9E-8739-C342A47A4F4C}.Release|x64.ActiveCfg = Release|x64
		{0651EB35-EEA8-3E9E-8739-C342A47A4F4C}.Release|x64.Build.0 = Release|x64
		{0651EB35-EEA8-3E9E-8739-C342A47A4F4C}.MinSizeRel|x64.ActiveCfg = MinSizeRel|x64
		{0651EB35-EEA8-3E9E-8739-C342A47A4F4C}.MinSizeRel|x64.Build.0 = MinSizeRel|x64
		{0651EB35-EEA8-3E9E-8739-C342A47A4F4C}.RelWithDebInfo|x64.ActiveCfg = RelWithDebInfo|x64
		{0651EB35-EEA8-3E9E-8739-C342A47A4F4C}.RelWithDebInfo|x64.Build.0 = RelWithDebInfo|x64
		{715E0FBB-452A-3936-86C7-016323878463}.Debug|x64.ActiveCfg = Debug|x64
		{715E0FBB-452A-3936-86C7-016323878463}.Release|x64.ActiveCfg = Release|x64
		{715E0FBB-452A-3936-86C7-016323878463}.MinSizeRel|x64.ActiveCfg = MinSizeRel|x64
		{715E0FBB-452A-3936-86C7-016323878463}.RelWithDebInfo|x64.ActiveCfg = RelWithDebInfo|x64
		{D9302DEF-2715-3A4D-983B-8A5F2B744C39}.Debug|x64.ActiveCfg = Debug|x64
		{D9302DEF-2715-3A4D-983B-8A5F2B744C39}.Debug|x64.Build.0 = Debug|x64
		{D9302DEF-2715-3A4D-983B-8A5F2B744C39}.Release|x64.ActiveCfg = Release|x64
		{D9302DEF-2715-3A4D-983B-8A5F2B744C39}.Release|x64.Build.0 = Release|x64
		{D9302DEF-2715-3A4D-983B-8A5F2B744C39}.MinSizeRel|x64.ActiveCfg = MinSizeRel|x64
		{D9302DEF-2715-3A4D-983B-8A5F2B744C39}.MinSizeRel|x64.Build.0 = MinSizeRel|x64
		{D9302DEF-2715-3A4D-983B-8A5F2B744C39}.RelWithDebInfo|x64.ActiveCfg = RelWithDebInfo|x64
		{D9302DEF-2715-3A4D-983B-8A5F2B744C39}.RelWithDebInfo|x64.Build.0 = RelWithDebInfo|x64
		{213049D1-1E04-3489-B67F-C12CFB6E2939}.Debug|x64.ActiveCfg = Debug|x64
		{213049D1-1E04-3489-B67F-C12CFB6E2939}.Debug|x64.Build.0 = Debug|x64
		{213049D1-1E04-3489-B67F-C12CFB6E2939}.Release|x64.ActiveCfg = Release|x64
		{213049D1-1E04-3489-B67F-C12CFB6E2939}.Release|x64.Build.0 = Release|x64
		{213049D1-1E04-3489-B67F-C12CFB6E2939}.MinSizeRel|x64.ActiveCfg = MinSizeRel|x64
		{213049D1-1E04-3489-B67F-C12CFB6E2939}.MinSizeRel|x64.Build.0 = MinSizeRel|x64
		{213049D1-1E04-3489-B67F-C12CFB6E2939}.RelWithDebInfo|x64.ActiveCfg = RelWithDebInfo|x64
		{213049D1-1E04-3489-B67F-C12CFB6E2939}.RelWithDebInfo|x64.Build.0 = RelWithDebInfo|x64
	EndGlobalSection
	GlobalSection(ExtensibilityGlobals) = postSolution
		SolutionGuid = {ECCBE9BE-0D28-3F60-92C0-FFC14AEAC77D}
	EndGlobalSection
	GlobalSection(ExtensibilityAddIns) = postSolution
	EndGlobalSection
EndGlobal
